<?xml version="1.0" encoding="utf-8"?>
<Project ToolsVersion="4.0" xmlns="http://schemas.microsoft.com/developer/msbuild/2003">
  <ItemGroup>
    <Filter Include="Source Files">
      <UniqueIdentifier>{4FC737F1-C7A5-4376-A066-2A32D752A2FF}</UniqueIdentifier>
      <Extensions>cpp;c;cc;cxx;c++;cppm;ixx;def;odl;idl;hpj;bat;asm;asmx</Extensions>
    </Filter>
    <Filter Include="Header Files">
      <UniqueIdentifier>{93995380-89BD-4b04-88EB-625FBE52EBFB}</UniqueIdentifier>
      <Extensions>h;hh;hpp;hxx;h++;hm;inl;inc;ipp;xsd</Extensions>
    </Filter>
    <Filter Include="Resource Files">
      <UniqueIdentifier>{67DA6AB6-F800-4c08-8B7A-83BB121AAD01}</UniqueIdentifier>
      <Extensions>rc;ico;cur;bmp;dlg;rc2;rct;bin;rgs;gif;jpg;jpeg;jpe;resx;tiff;tif;png;wav;mfcribbon-ms</Extensions>
    </Filter>
    <Filter Include="Source Files\Images">
      <UniqueIdentifier>{673be6a7-e221-43e2-9c15-a0dc76695354}</UniqueIdentifier>
    </Filter>
    <Filter Include="Source Files\Configs">
      <UniqueIdentifier>{f42a5188-9b17-4288-bbc8-3ffb1cab6b4c}</UniqueIdentifier>
    </Filter>
  </ItemGroup>
  <ItemGroup>
    <ClCompile Include="main.cpp">
      <Filter>Source Files</Filter>
    </ClCompile>
    <ClCompile Include="Projectile.cpp">
      <Filter>Source Files</Filter>
    </ClCompile>
    <ClCompile Include="BoundedFloatRect.cpp">
      <Filter>Source Files</Filter>
    </ClCompile>
    <ClCompile Include="GameObject.cpp">
      <Filter>Source Files</Filter>
    </ClCompile>
    <ClCompile Include="Ship.cpp">
      <Filter>Source Files</Filter>
    </ClCompile>
    <ClCompile Include="Controller.cpp">
      <Filter>Source Files</Filter>
    </ClCompile>
    <ClCompile Include="ProjectileManager.cpp">
      <Filter>Source Files</Filter>
    </ClCompile>
    <ClCompile Include="ShipManager.cpp">
      <Filter>Source Files</Filter>
    </ClCompile>
    <ClCompile Include="PlayerShip.cpp">
      <Filter>Source Files</Filter>
    </ClCompile>
    <ClCompile Include="UIManager.cpp">
      <Filter>Source Files</Filter>
    </ClCompile>
    <ClCompile Include="BackgroundManager.cpp">
      <Filter>Source Files</Filter>
    </ClCompile>
    <ClCompile Include="TempText.cpp">
      <Filter>Source Files</Filter>
    </ClCompile>
    <ClCompile Include="Collision.cpp">
      <Filter>Source Files</Filter>
    </ClCompile>
    <ClCompile Include="LevelOrchestrator.cpp">
      <Filter>Source Files</Filter>
    </ClCompile>
    <ClCompile Include="Fonts.cpp">
      <Filter>Source Files</Filter>
    </ClCompile>
    <ClCompile Include="Level1.cpp">
      <Filter>Source Files</Filter>
    </ClCompile>
    <ClCompile Include="Level0.cpp">
      <Filter>Source Files</Filter>
    </ClCompile>
    <ClCompile Include="GameObjectManager.cpp">
      <Filter>Source Files</Filter>
    </ClCompile>
    <ClCompile Include="Collidable.cpp">
      <Filter>Source Files</Filter>
    </ClCompile>
    <ClCompile Include="Item.cpp">
      <Filter>Source Files</Filter>
    </ClCompile>
  </ItemGroup>
  <ItemGroup>
    <ClInclude Include="Projectile.h">
      <Filter>Header Files</Filter>
    </ClInclude>
    <ClInclude Include="BoundedFloatRect.h">
      <Filter>Header Files</Filter>
    </ClInclude>
    <ClInclude Include="GameObject.h">
      <Filter>Header Files</Filter>
    </ClInclude>
    <ClInclude Include="Controller.h">
      <Filter>Header Files</Filter>
    </ClInclude>
    <ClInclude Include="ProjectileManager.h">
      <Filter>Header Files</Filter>
    </ClInclude>
    <ClInclude Include="Ship.h">
      <Filter>Header Files</Filter>
    </ClInclude>
    <ClInclude Include="ShipManager.h">
      <Filter>Header Files</Filter>
    </ClInclude>
    <ClInclude Include="PlayerShip.h">
      <Filter>Header Files</Filter>
    </ClInclude>
    <ClInclude Include="UIManager.h">
      <Filter>Header Files</Filter>
    </ClInclude>
    <ClInclude Include="BackgroundManager.h">
      <Filter>Header Files</Filter>
    </ClInclude>
    <ClInclude Include="DebugMacros.h">
      <Filter>Source Files</Filter>
    </ClInclude>
    <ClInclude Include="ControllerConfigs.h">
      <Filter>Source Files</Filter>
    </ClInclude>
    <ClInclude Include="RandMacros.h">
      <Filter>Source Files</Filter>
    </ClInclude>
    <ClInclude Include="TempText.h">
      <Filter>Header Files</Filter>
    </ClInclude>
    <ClInclude Include="Collision.h">
      <Filter>Header Files</Filter>
    </ClInclude>
    <ClInclude Include="LevelOrchestrator.h">
      <Filter>Header Files</Filter>
    </ClInclude>
    <ClInclude Include="IManager.h">
      <Filter>Header Files</Filter>
    </ClInclude>
    <ClInclude Include="GameState.h">
      <Filter>Header Files</Filter>
    </ClInclude>
    <ClInclude Include="Fonts.h">
      <Filter>Header Files</Filter>
    </ClInclude>
    <ClInclude Include="Loader.h">
      <Filter>Header Files</Filter>
    </ClInclude>
    <ClInclude Include="resource1.h">
      <Filter>Header Files</Filter>
    </ClInclude>
    <ClInclude Include="ILevel.h">
      <Filter>Header Files</Filter>
    </ClInclude>
    <ClInclude Include="Level1.h">
      <Filter>Header Files</Filter>
    </ClInclude>
    <ClInclude Include="Level0.h">
      <Filter>Header Files</Filter>
    </ClInclude>
    <ClInclude Include="GameCoordinator.h">
      <Filter>Header Files</Filter>
    </ClInclude>
    <ClInclude Include="WindowUtil.h">
      <Filter>Header Files</Filter>
    </ClInclude>
    <ClInclude Include="GameObjectManager.h">
      <Filter>Header Files</Filter>
    </ClInclude>
    <ClInclude Include="ItemType.h">
      <Filter>Header Files</Filter>
    </ClInclude>
    <ClInclude Include="CollisionResult.h">
      <Filter>Header Files</Filter>
    </ClInclude>
    <ClInclude Include="Collidable.h">
      <Filter>Header Files</Filter>
    </ClInclude>
    <ClInclude Include="Item.h">
      <Filter>Header Files</Filter>
    </ClInclude>
  </ItemGroup>
  <ItemGroup>
    <Image Include="Planets.png">
      <Filter>Source Files\Images</Filter>
    </Image>
    <Image Include="ShipAnimations.png">
      <Filter>Source Files\Images</Filter>
    </Image>
    <Image Include="BossAnimations.png">
      <Filter>Source Files\Images</Filter>
    </Image>
    <Image Include="shieldWithCracksOverTime.png">
      <Filter>Source Files\Images</Filter>
    </Image>
    <Image Include="..\..\..\..\Desktop\SpriteAttempts\BossSideKicksAnimations.png">
      <Filter>Source Files\Images</Filter>
    </Image>
    <Image Include="meteor.png">
      <Filter>Source Files\Images</Filter>
    </Image>
    <Image Include="Planets(1).png">
      <Filter>Source Files\Images</Filter>
    </Image>
    <Image Include="icon1.ico">
      <Filter>Resource Files</Filter>
    </Image>
    <Image Include="BossAnimations.ico">
      <Filter>Resource Files</Filter>
    </Image>
    <Image Include="..\..\..\..\Desktop\SpriteAttempts\LaserTurretAnimations.png">
      <Filter>Source Files\Images</Filter>
    </Image>
    <Image Include="..\x64\Release\repairKit.png">
      <Filter>Source Files\Images</Filter>
    </Image>
  </ItemGroup>
  <ItemGroup>
    <Font Include="Galaxus.ttf">
      <Filter>Source Files\Images</Filter>
    </Font>
  </ItemGroup>
  <ItemGroup>
    <Text Include="ControlsConfig.txt">
      <Filter>Source Files\Configs</Filter>
    </Text>
    <Text Include="ReadMe.txt" />
  </ItemGroup>
  <ItemGroup>
    <None Include="ClassDiagram.cd" />
  </ItemGroup>
  <ItemGroup>
    <ResourceCompile Include="GalagaRemake.rc">
      <Filter>Resource Files</Filter>
    </ResourceCompile>
  </ItemGroup>
</Project>